
Microsoft Visual Studio Solution File, Format Version 12.00
# Visual Studio Version 17
VisualStudioVersion = 17.0.31903.59
MinimumVisualStudioVersion = 10.0.40219.1
Project("{FAE04EC0-301F-11D3-BF4B-00C04F79EFBC}") = "API", "API\API.csproj", "{37DC1333-57EB-470B-9969-7D4961529D32}"
EndProject
Project("{FAE04EC0-301F-11D3-BF4B-00C04F79EFBC}") = "Application", "Application\Application.csproj", "{F01F2898-0908-4B34-9759-F932FC1181FA}"
EndProject
Project("{FAE04EC0-301F-11D3-BF4B-00C04F79EFBC}") = "Domain", "Domain\Domain.csproj", "{07CDF856-5912-47DD-BBFA-3EAB63AE510E}"
EndProject
Project("{FAE04EC0-301F-11D3-BF4B-00C04F79EFBC}") = "Persistence", "Persistence\Persistence.csproj", "{C854720C-CEA6-45EA-9AFF-B03A22486722}"
EndProject
Global
	GlobalSection(SolutionConfigurationPlatforms) = preSolution
		Debug|Any CPU = Debug|Any CPU
		Debug|x64 = Debug|x64
		Debug|x86 = Debug|x86
		Release|Any CPU = Release|Any CPU
		Release|x64 = Release|x64
		Release|x86 = Release|x86
	EndGlobalSection
	GlobalSection(ProjectConfigurationPlatforms) = postSolution
		{37DC1333-57EB-470B-9969-7D4961529D32}.Debug|Any CPU.ActiveCfg = Debug|Any CPU
		{37DC1333-57EB-470B-9969-7D4961529D32}.Debug|Any CPU.Build.0 = Debug|Any CPU
		{37DC1333-57EB-470B-9969-7D4961529D32}.Debug|x64.ActiveCfg = Debug|Any CPU
		{37DC1333-57EB-470B-9969-7D4961529D32}.Debug|x64.Build.0 = Debug|Any CPU
		{37DC1333-57EB-470B-9969-7D4961529D32}.Debug|x86.ActiveCfg = Debug|Any CPU
		{37DC1333-57EB-470B-9969-7D4961529D32}.Debug|x86.Build.0 = Debug|Any CPU
		{37DC1333-57EB-470B-9969-7D4961529D32}.Release|Any CPU.ActiveCfg = Release|Any CPU
		{37DC1333-57EB-470B-9969-7D4961529D32}.Release|Any CPU.Build.0 = Release|Any CPU
		{37DC1333-57EB-470B-9969-7D4961529D32}.Release|x64.ActiveCfg = Release|Any CPU
		{37DC1333-57EB-470B-9969-7D4961529D32}.Release|x64.Build.0 = Release|Any CPU
		{37DC1333-57EB-470B-9969-7D4961529D32}.Release|x86.ActiveCfg = Release|Any CPU
		{37DC1333-57EB-470B-9969-7D4961529D32}.Release|x86.Build.0 = Release|Any CPU
		{F01F2898-0908-4B34-9759-F932FC1181FA}.Debug|Any CPU.ActiveCfg = Debug|Any CPU
		{F01F2898-0908-4B34-9759-F932FC1181FA}.Debug|Any CPU.Build.0 = Debug|Any CPU
		{F01F2898-0908-4B34-9759-F932FC1181FA}.Debug|x64.ActiveCfg = Debug|Any CPU
		{F01F2898-0908-4B34-9759-F932FC1181FA}.Debug|x64.Build.0 = Debug|Any CPU
		{F01F2898-0908-4B34-9759-F932FC1181FA}.Debug|x86.ActiveCfg = Debug|Any CPU
		{F01F2898-0908-4B34-9759-F932FC1181FA}.Debug|x86.Build.0 = Debug|Any CPU
		{F01F2898-0908-4B34-9759-F932FC1181FA}.Release|Any CPU.ActiveCfg = Release|Any CPU
		{F01F2898-0908-4B34-9759-F932FC1181FA}.Release|Any CPU.Build.0 = Release|Any CPU
		{F01F2898-0908-4B34-9759-F932FC1181FA}.Release|x64.ActiveCfg = Release|Any CPU
		{F01F2898-0908-4B34-9759-F932FC1181FA}.Release|x64.Build.0 = Release|Any CPU
		{F01F2898-0908-4B34-9759-F932FC1181FA}.Release|x86.ActiveCfg = Release|Any CPU
		{F01F2898-0908-4B34-9759-F932FC1181FA}.Release|x86.Build.0 = Release|Any CPU
		{07CDF856-5912-47DD-BBFA-3EAB63AE510E}.Debug|Any CPU.ActiveCfg = Debug|Any CPU
		{07CDF856-5912-47DD-BBFA-3EAB63AE510E}.Debug|Any CPU.Build.0 = Debug|Any CPU
		{07CDF856-5912-47DD-BBFA-3EAB63AE510E}.Debug|x64.ActiveCfg = Debug|Any CPU
		{07CDF856-5912-47DD-BBFA-3EAB63AE510E}.Debug|x64.Build.0 = Debug|Any CPU
		{07CDF856-5912-47DD-BBFA-3EAB63AE510E}.Debug|x86.ActiveCfg = Debug|Any CPU
		{07CDF856-5912-47DD-BBFA-3EAB63AE510E}.Debug|x86.Build.0 = Debug|Any CPU
		{07CDF856-5912-47DD-BBFA-3EAB63AE510E}.Release|Any CPU.ActiveCfg = Release|Any CPU
		{07CDF856-5912-47DD-BBFA-3EAB63AE510E}.Release|Any CPU.Build.0 = Release|Any CPU
		{07CDF856-5912-47DD-BBFA-3EAB63AE510E}.Release|x64.ActiveCfg = Release|Any CPU
		{07CDF856-5912-47DD-BBFA-3EAB63AE510E}.Release|x64.Build.0 = Release|Any CPU
		{07CDF856-5912-47DD-BBFA-3EAB63AE510E}.Release|x86.ActiveCfg = Release|Any CPU
		{07CDF856-5912-47DD-BBFA-3EAB63AE510E}.Release|x86.Build.0 = Release|Any CPU
		{C854720C-CEA6-45EA-9AFF-B03A22486722}.Debug|Any CPU.ActiveCfg = Debug|Any CPU
		{C854720C-CEA6-45EA-9AFF-B03A22486722}.Debug|Any CPU.Build.0 = Debug|Any CPU
		{C854720C-CEA6-45EA-9AFF-B03A22486722}.Debug|x64.ActiveCfg = Debug|Any CPU
		{C854720C-CEA6-45EA-9AFF-B03A22486722}.Debug|x64.Build.0 = Debug|Any CPU
		{C854720C-CEA6-45EA-9AFF-B03A22486722}.Debug|x86.ActiveCfg = Debug|Any CPU
		{C854720C-CEA6-45EA-9AFF-B03A22486722}.Debug|x86.Build.0 = Debug|Any CPU
		{C854720C-CEA6-45EA-9AFF-B03A22486722}.Release|Any CPU.ActiveCfg = Release|Any CPU
		{C854720C-CEA6-45EA-9AFF-B03A22486722}.Release|Any CPU.Build.0 = Release|Any CPU
		{C854720C-CEA6-45EA-9AFF-B03A22486722}.Release|x64.ActiveCfg = Release|Any CPU
		{C854720C-CEA6-45EA-9AFF-B03A22486722}.Release|x64.Build.0 = Release|Any CPU
		{C854720C-CEA6-45EA-9AFF-B03A22486722}.Release|x86.ActiveCfg = Release|Any CPU
		{C854720C-CEA6-45EA-9AFF-B03A22486722}.Release|x86.Build.0 = Release|Any CPU
	EndGlobalSection
	GlobalSection(SolutionProperties) = preSolution
		HideSolutionNode = FALSE
	EndGlobalSection
EndGlobal
